
Microsoft Visual Studio Solution File, Format Version 12.00
# Visual Studio Version 16
VisualStudioVersion = 16.0.31005.135
MinimumVisualStudioVersion = 10.0.40219.1
Project("{FAE04EC0-301F-11D3-BF4B-00C04F79EFBC}") = "Movie_Rental_Assign", "Movie_Rental_Assign\Movie_Rental_Assign.csproj", "{99652E54-D37E-4C97-AEF4-908F677753FB}"
EndProject
Project("{FAE04EC0-301F-11D3-BF4B-00C04F79EFBC}") = "Movie_Rental_AssignTests", "Movie_Rental_AssignTests\Movie_Rental_AssignTests.csproj", "{BB21E9C2-B299-4182-A1DD-AB361B46B435}"
EndProject
Global
	GlobalSection(SolutionConfigurationPlatforms) = preSolution
		Debug|Any CPU = Debug|Any CPU
		Release|Any CPU = Release|Any CPU
	EndGlobalSection
	GlobalSection(ProjectConfigurationPlatforms) = postSolution
		{99652E54-D37E-4C97-AEF4-908F677753FB}.Debug|Any CPU.ActiveCfg = Debug|Any CPU
		{99652E54-D37E-4C97-AEF4-908F677753FB}.Debug|Any CPU.Build.0 = Debug|Any CPU
		{99652E54-D37E-4C97-AEF4-908F677753FB}.Release|Any CPU.ActiveCfg = Release|Any CPU
		{99652E54-D37E-4C97-AEF4-908F677753FB}.Release|Any CPU.Build.0 = Release|Any CPU
		{BB21E9C2-B299-4182-A1DD-AB361B46B435}.Debug|Any CPU.ActiveCfg = Debug|Any CPU
		{BB21E9C2-B299-4182-A1DD-AB361B46B435}.Debug|Any CPU.Build.0 = Debug|Any CPU
		{BB21E9C2-B299-4182-A1DD-AB361B46B435}.Release|Any CPU.ActiveCfg = Release|Any CPU
		{BB21E9C2-B299-4182-A1DD-AB361B46B435}.Release|Any CPU.Build.0 = Release|Any CPU
	EndGlobalSection
	GlobalSection(SolutionProperties) = preSolution
		HideSolutionNode = FALSE
	EndGlobalSection
	GlobalSection(ExtensibilityGlobals) = postSolution
		SolutionGuid = {76C1149A-9283-4747-9C3C-0563FD9E93A0}
	EndGlobalSection
EndGlobal
